{
  "object": {
    "pins": [
      {
        "package": "swift-parsing",
        "repositoryURL": "https://github.com/pointfreeco/swift-parsing",
        "state": {
          "branch": null,
          "revision": "b91a41bb54660cafbcd2d1b19328b9d86f92c80e",
          "version": "0.4.1"
        }
      }
    ]
  },
  "version": 1
}
